
Microsoft Visual Studio Solution File, Format Version 12.00
# Visual Studio Version 16
VisualStudioVersion = 16.0.29319.158
MinimumVisualStudioVersion = 10.0.40219.1
Project("{2150E333-8FDC-42A3-9474-1A3956D46DE8}") = "Core", "Core", "{513046BC-A0D4-4E30-9FA1-86DAD7E1836C}"
EndProject
Project("{2150E333-8FDC-42A3-9474-1A3956D46DE8}") = "Presentation", "Presentation", "{D623890E-9F86-438D-A4CE-E7726BB293B8}"
EndProject
Project("{2150E333-8FDC-42A3-9474-1A3956D46DE8}") = "src", "src", "{6ED356A7-8B47-4613-AD01-C85CF28491BD}"
EndProject
Project("{2150E333-8FDC-42A3-9474-1A3956D46DE8}") = "Infrastructure", "Infrastructure", "{5D11A784-B97A-4B62-8419-1E24BE6FFCD7}"
EndProject
Project("{9A19103F-16F7-4668-BE54-9A1E7A4F7556}") = "UMApplication.Domain", "src\Domain\UMApplication.Domain.csproj", "{C7E89A3E-A631-4760-8D61-BD1EAB1C4E69}"
EndProject
Project("{9A19103F-16F7-4668-BE54-9A1E7A4F7556}") = "UMApplication.Application", "src\Application\UMApplication.Application.csproj", "{34C0FACD-F3D9-400C-8945-554DD6B0819A}"
EndProject
Project("{9A19103F-16F7-4668-BE54-9A1E7A4F7556}") = "UMApplication.UI", "src\UI\UMApplication.UI.csproj", "{E15792D5-7179-4796-A7F7-C2DD0641AB8A}"
EndProject
Project("{9A19103F-16F7-4668-BE54-9A1E7A4F7556}") = "UMApplication.Infrastructure", "src\Infrastructure\UMApplication.Infrastructure.csproj", "{9C9337D1-42BE-4ACE-A94B-F0A8D0537972}"
EndProject
Project("{9A19103F-16F7-4668-BE54-9A1E7A4F7556}") = "UMApplication.Common", "src\UMApplication.Common\UMApplication.Common.csproj", "{074E1F1A-FE90-417E-A296-44C4503760F5}"
EndProject
Project("{9A19103F-16F7-4668-BE54-9A1E7A4F7556}") = "UMApplication.Persistence", "src\UMApplication.Persistence\UMApplication.Persistence.csproj", "{1B4E7681-93F9-4BC6-BA4F-924C0D031BF1}"
EndProject
Project("{2150E333-8FDC-42A3-9474-1A3956D46DE8}") = "Tools", "Tools", "{5BE8C70E-ADE7-4A8A-AAB2-D29A21639996}"
EndProject
Project("{2150E333-8FDC-42A3-9474-1A3956D46DE8}") = "Migration", "Migration", "{DEED5E53-3BF7-4198-A3E8-58C00270CCCC}"
EndProject
Project("{159641D6-6404-4A2A-AE62-294DE0FE8301}") = "Integration Tools", "Integration Tools\Integration Tools.dtproj", "{B3F3C09A-719B-4FE4-AA3B-BC6C9C78735F}"
EndProject
Global
	GlobalSection(SolutionConfigurationPlatforms) = preSolution
		Debug|Any CPU = Debug|Any CPU
		Development|Any CPU = Development|Any CPU
		Release|Any CPU = Release|Any CPU
	EndGlobalSection
	GlobalSection(ProjectConfigurationPlatforms) = postSolution
		{C7E89A3E-A631-4760-8D61-BD1EAB1C4E69}.Debug|Any CPU.ActiveCfg = Debug|Any CPU
		{C7E89A3E-A631-4760-8D61-BD1EAB1C4E69}.Debug|Any CPU.Build.0 = Debug|Any CPU
		{C7E89A3E-A631-4760-8D61-BD1EAB1C4E69}.Development|Any CPU.ActiveCfg = Debug|Any CPU
		{C7E89A3E-A631-4760-8D61-BD1EAB1C4E69}.Development|Any CPU.Build.0 = Debug|Any CPU
		{C7E89A3E-A631-4760-8D61-BD1EAB1C4E69}.Release|Any CPU.ActiveCfg = Release|Any CPU
		{C7E89A3E-A631-4760-8D61-BD1EAB1C4E69}.Release|Any CPU.Build.0 = Release|Any CPU
		{34C0FACD-F3D9-400C-8945-554DD6B0819A}.Debug|Any CPU.ActiveCfg = Debug|Any CPU
		{34C0FACD-F3D9-400C-8945-554DD6B0819A}.Debug|Any CPU.Build.0 = Debug|Any CPU
		{34C0FACD-F3D9-400C-8945-554DD6B0819A}.Development|Any CPU.ActiveCfg = Debug|Any CPU
		{34C0FACD-F3D9-400C-8945-554DD6B0819A}.Development|Any CPU.Build.0 = Debug|Any CPU
		{34C0FACD-F3D9-400C-8945-554DD6B0819A}.Release|Any CPU.ActiveCfg = Release|Any CPU
		{34C0FACD-F3D9-400C-8945-554DD6B0819A}.Release|Any CPU.Build.0 = Release|Any CPU
		{E15792D5-7179-4796-A7F7-C2DD0641AB8A}.Debug|Any CPU.ActiveCfg = Debug|Any CPU
		{E15792D5-7179-4796-A7F7-C2DD0641AB8A}.Debug|Any CPU.Build.0 = Debug|Any CPU
		{E15792D5-7179-4796-A7F7-C2DD0641AB8A}.Development|Any CPU.ActiveCfg = Debug|Any CPU
		{E15792D5-7179-4796-A7F7-C2DD0641AB8A}.Development|Any CPU.Build.0 = Debug|Any CPU
		{E15792D5-7179-4796-A7F7-C2DD0641AB8A}.Release|Any CPU.ActiveCfg = Release|Any CPU
		{E15792D5-7179-4796-A7F7-C2DD0641AB8A}.Release|Any CPU.Build.0 = Release|Any CPU
		{9C9337D1-42BE-4ACE-A94B-F0A8D0537972}.Debug|Any CPU.ActiveCfg = Debug|Any CPU
		{9C9337D1-42BE-4ACE-A94B-F0A8D0537972}.Debug|Any CPU.Build.0 = Debug|Any CPU
		{9C9337D1-42BE-4ACE-A94B-F0A8D0537972}.Development|Any CPU.ActiveCfg = Debug|Any CPU
		{9C9337D1-42BE-4ACE-A94B-F0A8D0537972}.Development|Any CPU.Build.0 = Debug|Any CPU
		{9C9337D1-42BE-4ACE-A94B-F0A8D0537972}.Release|Any CPU.ActiveCfg = Release|Any CPU
		{9C9337D1-42BE-4ACE-A94B-F0A8D0537972}.Release|Any CPU.Build.0 = Release|Any CPU
		{074E1F1A-FE90-417E-A296-44C4503760F5}.Debug|Any CPU.ActiveCfg = Debug|Any CPU
		{074E1F1A-FE90-417E-A296-44C4503760F5}.Debug|Any CPU.Build.0 = Debug|Any CPU
		{074E1F1A-FE90-417E-A296-44C4503760F5}.Development|Any CPU.ActiveCfg = Debug|Any CPU
		{074E1F1A-FE90-417E-A296-44C4503760F5}.Development|Any CPU.Build.0 = Debug|Any CPU
		{074E1F1A-FE90-417E-A296-44C4503760F5}.Release|Any CPU.ActiveCfg = Release|Any CPU
		{074E1F1A-FE90-417E-A296-44C4503760F5}.Release|Any CPU.Build.0 = Release|Any CPU
		{1B4E7681-93F9-4BC6-BA4F-924C0D031BF1}.Debug|Any CPU.ActiveCfg = Debug|Any CPU
		{1B4E7681-93F9-4BC6-BA4F-924C0D031BF1}.Debug|Any CPU.Build.0 = Debug|Any CPU
		{1B4E7681-93F9-4BC6-BA4F-924C0D031BF1}.Development|Any CPU.ActiveCfg = Debug|Any CPU
		{1B4E7681-93F9-4BC6-BA4F-924C0D031BF1}.Development|Any CPU.Build.0 = Debug|Any CPU
		{1B4E7681-93F9-4BC6-BA4F-924C0D031BF1}.Release|Any CPU.ActiveCfg = Release|Any CPU
		{1B4E7681-93F9-4BC6-BA4F-924C0D031BF1}.Release|Any CPU.Build.0 = Release|Any CPU
		{B3F3C09A-719B-4FE4-AA3B-BC6C9C78735F}.Debug|Any CPU.ActiveCfg = Development
		{B3F3C09A-719B-4FE4-AA3B-BC6C9C78735F}.Debug|Any CPU.Build.0 = Development
		{B3F3C09A-719B-4FE4-AA3B-BC6C9C78735F}.Development|Any CPU.ActiveCfg = Development
		{B3F3C09A-719B-4FE4-AA3B-BC6C9C78735F}.Development|Any CPU.Build.0 = Development
		{B3F3C09A-719B-4FE4-AA3B-BC6C9C78735F}.Release|Any CPU.ActiveCfg = Development
		{B3F3C09A-719B-4FE4-AA3B-BC6C9C78735F}.Release|Any CPU.Build.0 = Development
	EndGlobalSection
	GlobalSection(SolutionProperties) = preSolution
		HideSolutionNode = FALSE
	EndGlobalSection
	GlobalSection(NestedProjects) = preSolution
		{513046BC-A0D4-4E30-9FA1-86DAD7E1836C} = {6ED356A7-8B47-4613-AD01-C85CF28491BD}
		{D623890E-9F86-438D-A4CE-E7726BB293B8} = {6ED356A7-8B47-4613-AD01-C85CF28491BD}
		{5D11A784-B97A-4B62-8419-1E24BE6FFCD7} = {6ED356A7-8B47-4613-AD01-C85CF28491BD}
		{C7E89A3E-A631-4760-8D61-BD1EAB1C4E69} = {513046BC-A0D4-4E30-9FA1-86DAD7E1836C}
		{34C0FACD-F3D9-400C-8945-554DD6B0819A} = {513046BC-A0D4-4E30-9FA1-86DAD7E1836C}
		{E15792D5-7179-4796-A7F7-C2DD0641AB8A} = {D623890E-9F86-438D-A4CE-E7726BB293B8}
		{9C9337D1-42BE-4ACE-A94B-F0A8D0537972} = {5D11A784-B97A-4B62-8419-1E24BE6FFCD7}
		{074E1F1A-FE90-417E-A296-44C4503760F5} = {513046BC-A0D4-4E30-9FA1-86DAD7E1836C}
		{1B4E7681-93F9-4BC6-BA4F-924C0D031BF1} = {5D11A784-B97A-4B62-8419-1E24BE6FFCD7}
		{5BE8C70E-ADE7-4A8A-AAB2-D29A21639996} = {6ED356A7-8B47-4613-AD01-C85CF28491BD}
		{DEED5E53-3BF7-4198-A3E8-58C00270CCCC} = {5BE8C70E-ADE7-4A8A-AAB2-D29A21639996}
		{B3F3C09A-719B-4FE4-AA3B-BC6C9C78735F} = {DEED5E53-3BF7-4198-A3E8-58C00270CCCC}
	EndGlobalSection
	GlobalSection(ExtensibilityGlobals) = postSolution
		SolutionGuid = {3CB609D9-5D54-4C11-A371-DAAC8B74E430}
	EndGlobalSection
EndGlobal
